// !$*UTF8*$!
{
	archiveVersion = 1;
	classes = {
	};
	objectVersion = 56;
	objects = {

/* Begin PBXBuildFile section */
		80875DFC2B246F3200DD0994 /* Background.swift in Sources */ = {isa = PBXBuildFile; fileRef = 80875DFB2B246F3200DD0994 /* Background.swift */; };
		80875DFE2B24769B00DD0994 /* test.swift in Sources */ = {isa = PBXBuildFile; fileRef = 80875DFD2B24769B00DD0994 /* test.swift */; };
		808E616A2B240BDE0085E6FD /* SharedStuff.swift in Sources */ = {isa = PBXBuildFile; fileRef = 808E61692B240BDE0085E6FD /* SharedStuff.swift */; };
		80E5E48B2B1D4089002A4D54 /* SimplexApp.swift in Sources */ = {isa = PBXBuildFile; fileRef = 80E5E48A2B1D4089002A4D54 /* SimplexApp.swift */; };
		80E5E48D2B1D4089002A4D54 /* ContentView.swift in Sources */ = {isa = PBXBuildFile; fileRef = 80E5E48C2B1D4089002A4D54 /* ContentView.swift */; };
		80E5E48F2B1D408B002A4D54 /* Assets.xcassets in Resources */ = {isa = PBXBuildFile; fileRef = 80E5E48E2B1D408B002A4D54 /* Assets.xcassets */; };
		80E5E4922B1D408B002A4D54 /* Preview Assets.xcassets in Resources */ = {isa = PBXBuildFile; fileRef = 80E5E4912B1D408B002A4D54 /* Preview Assets.xcassets */; };
		80E5E49A2B1D417A002A4D54 /* SideBarView.swift in Sources */ = {isa = PBXBuildFile; fileRef = 80E5E4992B1D417A002A4D54 /* SideBarView.swift */; };
		80E5E49C2B1D4186002A4D54 /* MyTextEditor.swift in Sources */ = {isa = PBXBuildFile; fileRef = 80E5E49B2B1D4186002A4D54 /* MyTextEditor.swift */; };
		80E5E49E2B1D4190002A4D54 /* Previewer.swift in Sources */ = {isa = PBXBuildFile; fileRef = 80E5E49D2B1D4190002A4D54 /* Previewer.swift */; };
		80F0F7052B4BC66500BD6279 /* SidebarFunctions.swift in Sources */ = {isa = PBXBuildFile; fileRef = 80F0F7042B4BC66500BD6279 /* SidebarFunctions.swift */; };
/* End PBXBuildFile section */

/* Begin PBXFileReference section */
		80875DFB2B246F3200DD0994 /* Background.swift */ = {isa = PBXFileReference; lastKnownFileType = sourcecode.swift; path = Background.swift; sourceTree = "<group>"; };
		80875DFD2B24769B00DD0994 /* test.swift */ = {isa = PBXFileReference; lastKnownFileType = sourcecode.swift; path = test.swift; sourceTree = "<group>"; };
		808E61692B240BDE0085E6FD /* SharedStuff.swift */ = {isa = PBXFileReference; lastKnownFileType = sourcecode.swift; path = SharedStuff.swift; sourceTree = "<group>"; };
		80E5E4872B1D4089002A4D54 /* Simplex.app */ = {isa = PBXFileReference; explicitFileType = wrapper.application; includeInIndex = 0; path = Simplex.app; sourceTree = BUILT_PRODUCTS_DIR; };
		80E5E48A2B1D4089002A4D54 /* SimplexApp.swift */ = {isa = PBXFileReference; lastKnownFileType = sourcecode.swift; path = SimplexApp.swift; sourceTree = "<group>"; };
		80E5E48C2B1D4089002A4D54 /* ContentView.swift */ = {isa = PBXFileReference; lastKnownFileType = sourcecode.swift; path = ContentView.swift; sourceTree = "<group>"; };
		80E5E48E2B1D408B002A4D54 /* Assets.xcassets */ = {isa = PBXFileReference; lastKnownFileType = folder.assetcatalog; path = Assets.xcassets; sourceTree = "<group>"; };
		80E5E4912B1D408B002A4D54 /* Preview Assets.xcassets */ = {isa = PBXFileReference; lastKnownFileType = folder.assetcatalog; path = "Preview Assets.xcassets"; sourceTree = "<group>"; };
		80E5E4932B1D408B002A4D54 /* Simplex.entitlements */ = {isa = PBXFileReference; lastKnownFileType = text.plist.entitlements; path = Simplex.entitlements; sourceTree = "<group>"; };
		80E5E4992B1D417A002A4D54 /* SideBarView.swift */ = {isa = PBXFileReference; lastKnownFileType = sourcecode.swift; path = SideBarView.swift; sourceTree = "<group>"; };
		80E5E49B2B1D4186002A4D54 /* MyTextEditor.swift */ = {isa = PBXFileReference; lastKnownFileType = sourcecode.swift; path = MyTextEditor.swift; sourceTree = "<group>"; };
		80E5E49D2B1D4190002A4D54 /* Previewer.swift */ = {isa = PBXFileReference; lastKnownFileType = sourcecode.swift; path = Previewer.swift; sourceTree = "<group>"; };
		80F0F7042B4BC66500BD6279 /* SidebarFunctions.swift */ = {isa = PBXFileReference; lastKnownFileType = sourcecode.swift; path = SidebarFunctions.swift; sourceTree = "<group>"; };
/* End PBXFileReference section */

/* Begin PBXFrameworksBuildPhase section */
		80E5E4842B1D4089002A4D54 /* Frameworks */ = {
			isa = PBXFrameworksBuildPhase;
			buildActionMask = 2147483647;
			files = (
			);
			runOnlyForDeploymentPostprocessing = 0;
		};
/* End PBXFrameworksBuildPhase section */

/* Begin PBXGroup section */
		8015FB8A2B33E2B60085A50C /* Sidebar */ = {
			isa = PBXGroup;
			children = (
				80E5E4992B1D417A002A4D54 /* SideBarView.swift */,
				80F0F7042B4BC66500BD6279 /* SidebarFunctions.swift */,
			);
			path = Sidebar;
			sourceTree = "<group>";
		};
		80E5E47E2B1D4088002A4D54 = {
			isa = PBXGroup;
			children = (
				80E5E4892B1D4089002A4D54 /* Simplex */,
				80E5E4882B1D4089002A4D54 /* Products */,
			);
			sourceTree = "<group>";
		};
		80E5E4882B1D4089002A4D54 /* Products */ = {
			isa = PBXGroup;
			children = (
				80E5E4872B1D4089002A4D54 /* Simplex.app */,
			);
			name = Products;
			sourceTree = "<group>";
		};
		80E5E4892B1D4089002A4D54 /* Simplex */ = {
			isa = PBXGroup;
			children = (
				80E5E48A2B1D4089002A4D54 /* SimplexApp.swift */,
				80875DFB2B246F3200DD0994 /* Background.swift */,
				808E61692B240BDE0085E6FD /* SharedStuff.swift */,
				80875DFD2B24769B00DD0994 /* test.swift */,
				80E5E48C2B1D4089002A4D54 /* ContentView.swift */,
				8015FB8A2B33E2B60085A50C /* Sidebar */,
				80E5E49B2B1D4186002A4D54 /* MyTextEditor.swift */,
				80E5E49D2B1D4190002A4D54 /* Previewer.swift */,
				80E5E48E2B1D408B002A4D54 /* Assets.xcassets */,
				80E5E4932B1D408B002A4D54 /* Simplex.entitlements */,
				80E5E4902B1D408B002A4D54 /* Preview Content */,
			);
			path = Simplex;
			sourceTree = "<group>";
		};
		80E5E4902B1D408B002A4D54 /* Preview Content */ = {
			isa = PBXGroup;
			children = (
				80E5E4912B1D408B002A4D54 /* Preview Assets.xcassets */,
			);
			path = "Preview Content";
			sourceTree = "<group>";
		};
/* End PBXGroup section */

/* Begin PBXNativeTarget section */
		80E5E4862B1D4089002A4D54 /* Simplex */ = {
			isa = PBXNativeTarget;
			buildConfigurationList = 80E5E4962B1D408B002A4D54 /* Build configuration list for PBXNativeTarget "Simplex" */;
			buildPhases = (
				80E5E4832B1D4089002A4D54 /* Sources */,
				80E5E4842B1D4089002A4D54 /* Frameworks */,
				80E5E4852B1D4089002A4D54 /* Resources */,
			);
			buildRules = (
			);
			dependencies = (
			);
			name = Simplex;
			productName = Simplex;
			productReference = 80E5E4872B1D4089002A4D54 /* Simplex.app */;
			productType = "com.apple.product-type.application";
		};
/* End PBXNativeTarget section */

/* Begin PBXProject section */
		80E5E47F2B1D4089002A4D54 /* Project object */ = {
			isa = PBXProject;
			attributes = {
				BuildIndependentTargetsInParallel = 1;
				LastSwiftUpdateCheck = 1500;
				LastUpgradeCheck = 1500;
				TargetAttributes = {
					80E5E4862B1D4089002A4D54 = {
						CreatedOnToolsVersion = 15.0.1;
					};
				};
			};
			buildConfigurationList = 80E5E4822B1D4089002A4D54 /* Build configuration list for PBXProject "Simplex" */;
			compatibilityVersion = "Xcode 14.0";
			developmentRegion = en;
			hasScannedForEncodings = 0;
			knownRegions = (
				en,
				Base,
			);
			mainGroup = 80E5E47E2B1D4088002A4D54;
			productRefGroup = 80E5E4882B1D4089002A4D54 /* Products */;
			projectDirPath = "";
			projectRoot = "";
			targets = (
				80E5E4862B1D4089002A4D54 /* Simplex */,
			);
		};
/* End PBXProject section */

/* Begin PBXResourcesBuildPhase section */
		80E5E4852B1D4089002A4D54 /* Resources */ = {
			isa = PBXResourcesBuildPhase;
			buildActionMask = 2147483647;
			files = (
				80E5E4922B1D408B002A4D54 /* Preview Assets.xcassets in Resources */,
				80E5E48F2B1D408B002A4D54 /* Assets.xcassets in Resources */,
			);
			runOnlyForDeploymentPostprocessing = 0;
		};
/* End PBXResourcesBuildPhase section */

/* Begin PBXSourcesBuildPhase section */
		80E5E4832B1D4089002A4D54 /* Sources */ = {
			isa = PBXSourcesBuildPhase;
			buildActionMask = 2147483647;
			files = (
				80F0F7052B4BC66500BD6279 /* SidebarFunctions.swift in Sources */,
				80E5E48D2B1D4089002A4D54 /* ContentView.swift in Sources */,
				80E5E49A2B1D417A002A4D54 /* SideBarView.swift in Sources */,
				80E5E49C2B1D4186002A4D54 /* MyTextEditor.swift in Sources */,
				80875DFC2B246F3200DD0994 /* Background.swift in Sources */,
				808E616A2B240BDE0085E6FD /* SharedStuff.swift in Sources */,
				80875DFE2B24769B00DD0994 /* test.swift in Sources */,
				80E5E48B2B1D4089002A4D54 /* SimplexApp.swift in Sources */,
				80E5E49E2B1D4190002A4D54 /* Previewer.swift in Sources */,
			);
			runOnlyForDeploymentPostprocessing = 0;
		};
/* End PBXSourcesBuildPhase section */

/* Begin XCBuildConfiguration section */
		80E5E4942B1D408B002A4D54 /* Debug */ = {
			isa = XCBuildConfiguration;
			buildSettings = {
				ALWAYS_SEARCH_USER_PATHS = NO;
				ASSETCATALOG_COMPILER_GENERATE_SWIFT_ASSET_SYMBOL_EXTENSIONS = YES;
				CLANG_ANALYZER_NONNULL = YES;
				CLANG_ANALYZER_NUMBER_OBJECT_CONVERSION = YES_AGGRESSIVE;
				CLANG_CXX_LANGUAGE_STANDARD = "gnu++20";
				CLANG_ENABLE_MODULES = YES;
				CLANG_ENABLE_OBJC_ARC = YES;
				CLANG_ENABLE_OBJC_WEAK = YES;
				CLANG_WARN_BLOCK_CAPTURE_AUTORELEASING = YES;
				CLANG_WARN_BOOL_CONVERSION = YES;
				CLANG_WARN_COMMA = YES;
				CLANG_WARN_CONSTANT_CONVERSION = YES;
				CLANG_WARN_DEPRECATED_OBJC_IMPLEMENTATIONS = YES;
				CLANG_WARN_DIRECT_OBJC_ISA_USAGE = YES_ERROR;
				CLANG_WARN_DOCUMENTATION_COMMENTS = YES;
				CLANG_WARN_EMPTY_BODY = YES;
				CLANG_WARN_ENUM_CONVERSION = YES;
				CLANG_WARN_INFINITE_RECURSION = YES;
				CLANG_WARN_INT_CONVERSION = YES;
				CLANG_WARN_NON_LITERAL_NULL_CONVERSION = YES;
				CLANG_WARN_OBJC_IMPLICIT_RETAIN_SELF = YES;
				CLANG_WARN_OBJC_LITERAL_CONVERSION = YES;
				CLANG_WARN_OBJC_ROOT_CLASS = YES_ERROR;
				CLANG_WARN_QUOTED_INCLUDE_IN_FRAMEWORK_HEADER = YES;
				CLANG_WARN_RANGE_LOOP_ANALYSIS = YES;
				CLANG_WARN_STRICT_PROTOTYPES = YES;
				CLANG_WARN_SUSPICIOUS_MOVE = YES;
				CLANG_WARN_UNGUARDED_AVAILABILITY = YES_AGGRESSIVE;
				CLANG_WARN_UNREACHABLE_CODE = YES;
				CLANG_WARN__DUPLICATE_METHOD_MATCH = YES;
				COPY_PHASE_STRIP = NO;
				DEBUG_INFORMATION_FORMAT = dwarf;
				ENABLE_STRICT_OBJC_MSGSEND = YES;
				ENABLE_TESTABILITY = YES;
				ENABLE_USER_SCRIPT_SANDBOXING = YES;
				GCC_C_LANGUAGE_STANDARD = gnu17;
				GCC_DYNAMIC_NO_PIC = NO;
				GCC_NO_COMMON_BLOCKS = YES;
				GCC_OPTIMIZATION_LEVEL = 0;
				GCC_PREPROCESSOR_DEFINITIONS = (
					"DEBUG=1",
					"$(inherited)",
				);
				GCC_WARN_64_TO_32_BIT_CONVERSION = YES;
				GCC_WARN_ABOUT_RETURN_TYPE = YES_ERROR;
				GCC_WARN_UNDECLARED_SELECTOR = YES;
				GCC_WARN_UNINITIALIZED_AUTOS = YES_AGGRESSIVE;
				GCC_WARN_UNUSED_FUNCTION = YES;
				GCC_WARN_UNUSED_VARIABLE = YES;
				LOCALIZATION_PREFERS_STRING_CATALOGS = YES;
				MACOSX_DEPLOYMENT_TARGET = 14.0;
				MTL_ENABLE_DEBUG_INFO = INCLUDE_SOURCE;
				MTL_FAST_MATH = YES;
				ONLY_ACTIVE_ARCH = YES;
				SDKROOT = macosx;
				SWIFT_ACTIVE_COMPILATION_CONDITIONS = "DEBUG $(inherited)";
				SWIFT_OPTIMIZATION_LEVEL = "-Onone";
			};
			name = Debug;
		};
		80E5E4952B1D408B002A4D54 /* Release */ = {
			isa = XCBuildConfiguration;
			buildSettings = {
				ALWAYS_SEARCH_USER_PATHS = NO;
				ASSETCATALOG_COMPILER_GENERATE_SWIFT_ASSET_SYMBOL_EXTENSIONS = YES;
				CLANG_ANALYZER_NONNULL = YES;
				CLANG_ANALYZER_NUMBER_OBJECT_CONVERSION = YES_AGGRESSIVE;
				CLANG_CXX_LANGUAGE_STANDARD = "gnu++20";
				CLANG_ENABLE_MODULES = YES;
				CLANG_ENABLE_OBJC_ARC = YES;
				CLANG_ENABLE_OBJC_WEAK = YES;
				CLANG_WARN_BLOCK_CAPTURE_AUTORELEASING = YES;
				CLANG_WARN_BOOL_CONVERSION = YES;
				CLANG_WARN_COMMA = YES;
				CLANG_WARN_CONSTANT_CONVERSION = YES;
				CLANG_WARN_DEPRECATED_OBJC_IMPLEMENTATIONS = YES;
				CLANG_WARN_DIRECT_OBJC_ISA_USAGE = YES_ERROR;
				CLANG_WARN_DOCUMENTATION_COMMENTS = YES;
				CLANG_WARN_EMPTY_BODY = YES;
				CLANG_WARN_ENUM_CONVERSION = YES;
				CLANG_WARN_INFINITE_RECURSION = YES;
				CLANG_WARN_INT_CONVERSION = YES;
				CLANG_WARN_NON_LITERAL_NULL_CONVERSION = YES;
				CLANG_WARN_OBJC_IMPLICIT_RETAIN_SELF = YES;
				CLANG_WARN_OBJC_LITERAL_CONVERSION = YES;
				CLANG_WARN_OBJC_ROOT_CLASS = YES_ERROR;
				CLANG_WARN_QUOTED_INCLUDE_IN_FRAMEWORK_HEADER = YES;
				CLANG_WARN_RANGE_LOOP_ANALYSIS = YES;
				CLANG_WARN_STRICT_PROTOTYPES = YES;
				CLANG_WARN_SUSPICIOUS_MOVE = YES;
				CLANG_WARN_UNGUARDED_AVAILABILITY = YES_AGGRESSIVE;
				CLANG_WARN_UNREACHABLE_CODE = YES;
				CLANG_WARN__DUPLICATE_METHOD_MATCH = YES;
				COPY_PHASE_STRIP = NO;
				DEBUG_INFORMATION_FORMAT = "dwarf-with-dsym";
				ENABLE_NS_ASSERTIONS = NO;
				ENABLE_STRICT_OBJC_MSGSEND = YES;
				ENABLE_USER_SCRIPT_SANDBOXING = YES;
				GCC_C_LANGUAGE_STANDARD = gnu17;
				GCC_NO_COMMON_BLOCKS = YES;
				GCC_WARN_64_TO_32_BIT_CONVERSION = YES;
				GCC_WARN_ABOUT_RETURN_TYPE = YES_ERROR;
				GCC_WARN_UNDECLARED_SELECTOR = YES;
				GCC_WARN_UNINITIALIZED_AUTOS = YES_AGGRESSIVE;
				GCC_WARN_UNUSED_FUNCTION = YES;
				GCC_WARN_UNUSED_VARIABLE = YES;
				LOCALIZATION_PREFERS_STRING_CATALOGS = YES;
				MACOSX_DEPLOYMENT_TARGET = 14.0;
				MTL_ENABLE_DEBUG_INFO = NO;
				MTL_FAST_MATH = YES;
				SDKROOT = macosx;
				SWIFT_COMPILATION_MODE = wholemodule;
			};
			name = Release;
		};
		80E5E4972B1D408B002A4D54 /* Debug */ = {
			isa = XCBuildConfiguration;
			buildSettings = {
				ASSETCATALOG_COMPILER_APPICON_NAME = AppIcon;
				ASSETCATALOG_COMPILER_GLOBAL_ACCENT_COLOR_NAME = AccentColor;
				CODE_SIGN_ENTITLEMENTS = Simplex/Simplex.entitlements;
				CODE_SIGN_STYLE = Automatic;
				COMBINE_HIDPI_IMAGES = YES;
				CURRENT_PROJECT_VERSION = 1;
				DEVELOPMENT_ASSET_PATHS = "\"Simplex/Preview Content\"";
				DEVELOPMENT_TEAM = Q4D63P73VW;
				ENABLE_HARDENED_RUNTIME = YES;
				ENABLE_PREVIEWS = YES;
				GENERATE_INFOPLIST_FILE = YES;
				INFOPLIST_KEY_NSHumanReadableCopyright = "";
				LD_RUNPATH_SEARCH_PATHS = (
					"$(inherited)",
					"@executable_path/../Frameworks",
				);
				MARKETING_VERSION = 1.0;
				PRODUCT_BUNDLE_IDENTIFIER = edmond.Simplex;
				PRODUCT_NAME = "$(TARGET_NAME)";
				SWIFT_EMIT_LOC_STRINGS = YES;
				SWIFT_VERSION = 5.0;
			};
			name = Debug;
		};
		80E5E4982B1D408B002A4D54 /* Release */ = {
			isa = XCBuildConfiguration;
			buildSettings = {
				ASSETCATALOG_COMPILER_APPICON_NAME = AppIcon;
				ASSETCATALOG_COMPILER_GLOBAL_ACCENT_COLOR_NAME = AccentColor;
				CODE_SIGN_ENTITLEMENTS = Simplex/Simplex.entitlements;
				CODE_SIGN_STYLE = Automatic;
				COMBINE_HIDPI_IMAGES = YES;
				CURRENT_PROJECT_VERSION = 1;
				DEVELOPMENT_ASSET_PATHS = "\"Simplex/Preview Content\"";
				DEVELOPMENT_TEAM = Q4D63P73VW;
				ENABLE_HARDENED_RUNTIME = YES;
				ENABLE_PREVIEWS = YES;
				GENERATE_INFOPLIST_FILE = YES;
				INFOPLIST_KEY_NSHumanReadableCopyright = "";
				LD_RUNPATH_SEARCH_PATHS = (
					"$(inherited)",
					"@executable_path/../Frameworks",
				);
				MARKETING_VERSION = 1.0;
				PRODUCT_BUNDLE_IDENTIFIER = edmond.Simplex;
				PRODUCT_NAME = "$(TARGET_NAME)";
				SWIFT_EMIT_LOC_STRINGS = YES;
				SWIFT_VERSION = 5.0;
			};
			name = Release;
		};
/* End XCBuildConfiguration section */

/* Begin XCConfigurationList section */
		80E5E4822B1D4089002A4D54 /* Build configuration list for PBXProject "Simplex" */ = {
			isa = XCConfigurationList;
			buildConfigurations = (
				80E5E4942B1D408B002A4D54 /* Debug */,
				80E5E4952B1D408B002A4D54 /* Release */,
			);
			defaultConfigurationIsVisible = 0;
			defaultConfigurationName = Release;
		};
		80E5E4962B1D408B002A4D54 /* Build configuration list for PBXNativeTarget "Simplex" */ = {
			isa = XCConfigurationList;
			buildConfigurations = (
				80E5E4972B1D408B002A4D54 /* Debug */,
				80E5E4982B1D408B002A4D54 /* Release */,
			);
			defaultConfigurationIsVisible = 0;
			defaultConfigurationName = Release;
		};
/* End XCConfigurationList section */
	};
	rootObject = 80E5E47F2B1D4089002A4D54 /* Project object */;
}
